
Microsoft Visual Studio Solution File, Format Version 12.00
# Visual Studio 15
VisualStudioVersion = 15.0.28307.421
MinimumVisualStudioVersion = 10.0.40219.1
Project("{FAE04EC0-301F-11D3-BF4B-00C04F79EFBC}") = "OneSignal", "OneSignal\OneSignal.csproj", "{265B51DE-CF39-4B9D-A0E9-54567F90020B}"
EndProject
Global
	GlobalSection(SolutionConfigurationPlatforms) = preSolution
		Debug|Any CPU = Debug|Any CPU
		Release|Any CPU = Release|Any CPU
	EndGlobalSection
	GlobalSection(ProjectConfigurationPlatforms) = postSolution
		{265B51DE-CF39-4B9D-A0E9-54567F90020B}.Debug|Any CPU.ActiveCfg = Debug|Any CPU
		{265B51DE-CF39-4B9D-A0E9-54567F90020B}.Debug|Any CPU.Build.0 = Debug|Any CPU
		{265B51DE-CF39-4B9D-A0E9-54567F90020B}.Release|Any CPU.ActiveCfg = Release|Any CPU
		{265B51DE-CF39-4B9D-A0E9-54567F90020B}.Release|Any CPU.Build.0 = Release|Any CPU
	EndGlobalSection
	GlobalSection(SolutionProperties) = preSolution
		HideSolutionNode = FALSE
	EndGlobalSection
	GlobalSection(ExtensibilityGlobals) = postSolution
		SolutionGuid = {B0637783-5470-4A23-A52E-BCA2837B178E}
	EndGlobalSection
EndGlobal
